
Microsoft Visual Studio Solution File, Format Version 12.00
# Visual Studio Version 17
VisualStudioVersion = 17.3.32929.385
MinimumVisualStudioVersion = 10.0.40219.1
Project("{9A19103F-16F7-4668-BE54-9A1E7A4F7556}") = "MovieReview.Core", "MovieReview.Core\MovieReview.Core.csproj", "{F928BD9F-3243-42F8-8E32-8EC5175FD06D}"
EndProject
Project("{9A19103F-16F7-4668-BE54-9A1E7A4F7556}") = "MovieReview.Database", "MovieReview.DataBase\MovieReview.Database.csproj", "{BBA5E2A7-C991-4FFB-BB52-4D5219245281}"
EndProject
Project("{9A19103F-16F7-4668-BE54-9A1E7A4F7556}") = "MovieReview.API", "MovieReview.API\MovieReview.API.csproj", "{F8E80AE2-976B-46E8-9DFC-A9BAE8CCCD78}"
EndProject
Global
	GlobalSection(SolutionConfigurationPlatforms) = preSolution
		Debug|Any CPU = Debug|Any CPU
		Release|Any CPU = Release|Any CPU
	EndGlobalSection
	GlobalSection(ProjectConfigurationPlatforms) = postSolution
		{F928BD9F-3243-42F8-8E32-8EC5175FD06D}.Debug|Any CPU.ActiveCfg = Debug|Any CPU
		{F928BD9F-3243-42F8-8E32-8EC5175FD06D}.Debug|Any CPU.Build.0 = Debug|Any CPU
		{F928BD9F-3243-42F8-8E32-8EC5175FD06D}.Release|Any CPU.ActiveCfg = Release|Any CPU
		{F928BD9F-3243-42F8-8E32-8EC5175FD06D}.Release|Any CPU.Build.0 = Release|Any CPU
		{BBA5E2A7-C991-4FFB-BB52-4D5219245281}.Debug|Any CPU.ActiveCfg = Debug|Any CPU
		{BBA5E2A7-C991-4FFB-BB52-4D5219245281}.Debug|Any CPU.Build.0 = Debug|Any CPU
		{BBA5E2A7-C991-4FFB-BB52-4D5219245281}.Release|Any CPU.ActiveCfg = Release|Any CPU
		{BBA5E2A7-C991-4FFB-BB52-4D5219245281}.Release|Any CPU.Build.0 = Release|Any CPU
		{F8E80AE2-976B-46E8-9DFC-A9BAE8CCCD78}.Debug|Any CPU.ActiveCfg = Debug|Any CPU
		{F8E80AE2-976B-46E8-9DFC-A9BAE8CCCD78}.Debug|Any CPU.Build.0 = Debug|Any CPU
		{F8E80AE2-976B-46E8-9DFC-A9BAE8CCCD78}.Release|Any CPU.ActiveCfg = Release|Any CPU
		{F8E80AE2-976B-46E8-9DFC-A9BAE8CCCD78}.Release|Any CPU.Build.0 = Release|Any CPU
	EndGlobalSection
	GlobalSection(SolutionProperties) = preSolution
		HideSolutionNode = FALSE
	EndGlobalSection
	GlobalSection(ExtensibilityGlobals) = postSolution
		SolutionGuid = {643F1745-26B0-4B16-AE6D-D2C714257827}
	EndGlobalSection
EndGlobal
